
Microsoft Visual Studio Solution File, Format Version 12.00
# Visual Studio Version 16
VisualStudioVersion = 16.0.30621.155
MinimumVisualStudioVersion = 10.0.40219.1
Project("{9A19103F-16F7-4668-BE54-9A1E7A4F7556}") = "Shop.UI", "Shop.UI\Shop.UI.csproj", "{438FC8EF-8ED8-478E-AF12-7104E835ABB3}"
EndProject
Project("{9A19103F-16F7-4668-BE54-9A1E7A4F7556}") = "Shop.Domain", "Shop.Domain\Shop.Domain.csproj", "{0F2140F8-0E80-43C7-A4AD-7775EF99E7B3}"
EndProject
Project("{9A19103F-16F7-4668-BE54-9A1E7A4F7556}") = "Shop.Application", "Shop.Application\Shop.Application.csproj", "{5CA1A2A0-C762-4DBA-BA18-EA29CCEE2003}"
EndProject
Project("{9A19103F-16F7-4668-BE54-9A1E7A4F7556}") = "Shop.Database", "Shop.Database\Shop.Database.csproj", "{076D6651-DDC2-474F-9682-7255EBCC1A25}"
EndProject
Global
	GlobalSection(SolutionConfigurationPlatforms) = preSolution
		Debug|Any CPU = Debug|Any CPU
		Release|Any CPU = Release|Any CPU
	EndGlobalSection
	GlobalSection(ProjectConfigurationPlatforms) = postSolution
		{438FC8EF-8ED8-478E-AF12-7104E835ABB3}.Debug|Any CPU.ActiveCfg = Debug|Any CPU
		{438FC8EF-8ED8-478E-AF12-7104E835ABB3}.Debug|Any CPU.Build.0 = Debug|Any CPU
		{438FC8EF-8ED8-478E-AF12-7104E835ABB3}.Release|Any CPU.ActiveCfg = Release|Any CPU
		{438FC8EF-8ED8-478E-AF12-7104E835ABB3}.Release|Any CPU.Build.0 = Release|Any CPU
		{0F2140F8-0E80-43C7-A4AD-7775EF99E7B3}.Debug|Any CPU.ActiveCfg = Debug|Any CPU
		{0F2140F8-0E80-43C7-A4AD-7775EF99E7B3}.Debug|Any CPU.Build.0 = Debug|Any CPU
		{0F2140F8-0E80-43C7-A4AD-7775EF99E7B3}.Release|Any CPU.ActiveCfg = Release|Any CPU
		{0F2140F8-0E80-43C7-A4AD-7775EF99E7B3}.Release|Any CPU.Build.0 = Release|Any CPU
		{5CA1A2A0-C762-4DBA-BA18-EA29CCEE2003}.Debug|Any CPU.ActiveCfg = Debug|Any CPU
		{5CA1A2A0-C762-4DBA-BA18-EA29CCEE2003}.Debug|Any CPU.Build.0 = Debug|Any CPU
		{5CA1A2A0-C762-4DBA-BA18-EA29CCEE2003}.Release|Any CPU.ActiveCfg = Release|Any CPU
		{5CA1A2A0-C762-4DBA-BA18-EA29CCEE2003}.Release|Any CPU.Build.0 = Release|Any CPU
		{076D6651-DDC2-474F-9682-7255EBCC1A25}.Debug|Any CPU.ActiveCfg = Debug|Any CPU
		{076D6651-DDC2-474F-9682-7255EBCC1A25}.Debug|Any CPU.Build.0 = Debug|Any CPU
		{076D6651-DDC2-474F-9682-7255EBCC1A25}.Release|Any CPU.ActiveCfg = Release|Any CPU
		{076D6651-DDC2-474F-9682-7255EBCC1A25}.Release|Any CPU.Build.0 = Release|Any CPU
	EndGlobalSection
	GlobalSection(SolutionProperties) = preSolution
		HideSolutionNode = FALSE
	EndGlobalSection
	GlobalSection(ExtensibilityGlobals) = postSolution
		SolutionGuid = {8E14A412-BF7D-4C6C-99AD-02E9FD105B14}
	EndGlobalSection
EndGlobal
